// !$*UTF8*$!
{
	archiveVersion = 1;
	classes = {
	};
	objectVersion = 56;
	objects = {

/* Begin PBXBuildFile section */
		4DFAABE82B71792D008A00E2 /* CalorieTrackerApp.swift in Sources */ = {isa = PBXBuildFile; fileRef = 4DFAABE72B71792D008A00E2 /* CalorieTrackerApp.swift */; };
		4DFAABEC2B71792E008A00E2 /* Assets.xcassets in Resources */ = {isa = PBXBuildFile; fileRef = 4DFAABEB2B71792E008A00E2 /* Assets.xcassets */; };
		4DFAABEF2B71792E008A00E2 /* Preview Assets.xcassets in Resources */ = {isa = PBXBuildFile; fileRef = 4DFAABEE2B71792E008A00E2 /* Preview Assets.xcassets */; };
		4DFAABF62B7179A7008A00E2 /* DailyIntakeView.swift in Sources */ = {isa = PBXBuildFile; fileRef = 4DFAABF52B7179A7008A00E2 /* DailyIntakeView.swift */; };
		4DFAABF82B7179C5008A00E2 /* FoodItem.swift in Sources */ = {isa = PBXBuildFile; fileRef = 4DFAABF72B7179C5008A00E2 /* FoodItem.swift */; };
		4DFAABFA2B717AF9008A00E2 /* FoodItemDetailView.swift in Sources */ = {isa = PBXBuildFile; fileRef = 4DFAABF92B717AF9008A00E2 /* FoodItemDetailView.swift */; };
		4DFAABFC2B717DE5008A00E2 /* LoadingView.swift in Sources */ = {isa = PBXBuildFile; fileRef = 4DFAABFB2B717DE5008A00E2 /* LoadingView.swift */; };
		4DFAABFE2B71800B008A00E2 /* ProgressBar.swift in Sources */ = {isa = PBXBuildFile; fileRef = 4DFAABFD2B71800B008A00E2 /* ProgressBar.swift */; };
		4DFAAC002B719076008A00E2 /* AddFoodItemView.swift in Sources */ = {isa = PBXBuildFile; fileRef = 4DFAABFF2B719076008A00E2 /* AddFoodItemView.swift */; };
		4DFAAC382B72C4D4008A00E2 /* CircularProgressCalorieView.swift in Sources */ = {isa = PBXBuildFile; fileRef = 4DFAAC372B72C4D4008A00E2 /* CircularProgressCalorieView.swift */; };
		4DFAAC3B2B72D0AD008A00E2 /* CircularProgressProteinView.swift in Sources */ = {isa = PBXBuildFile; fileRef = 4DFAAC3A2B72D0AD008A00E2 /* CircularProgressProteinView.swift */; };
/* End PBXBuildFile section */

/* Begin PBXFileReference section */
		4DFAABE42B71792D008A00E2 /* CalorieTracker.app */ = {isa = PBXFileReference; explicitFileType = wrapper.application; includeInIndex = 0; path = CalorieTracker.app; sourceTree = BUILT_PRODUCTS_DIR; };
		4DFAABE72B71792D008A00E2 /* CalorieTrackerApp.swift */ = {isa = PBXFileReference; lastKnownFileType = sourcecode.swift; path = CalorieTrackerApp.swift; sourceTree = "<group>"; };
		4DFAABEB2B71792E008A00E2 /* Assets.xcassets */ = {isa = PBXFileReference; lastKnownFileType = folder.assetcatalog; path = Assets.xcassets; sourceTree = "<group>"; };
		4DFAABEE2B71792E008A00E2 /* Preview Assets.xcassets */ = {isa = PBXFileReference; lastKnownFileType = folder.assetcatalog; path = "Preview Assets.xcassets"; sourceTree = "<group>"; };
		4DFAABF52B7179A7008A00E2 /* DailyIntakeView.swift */ = {isa = PBXFileReference; lastKnownFileType = sourcecode.swift; path = DailyIntakeView.swift; sourceTree = "<group>"; };
		4DFAABF72B7179C5008A00E2 /* FoodItem.swift */ = {isa = PBXFileReference; lastKnownFileType = sourcecode.swift; path = FoodItem.swift; sourceTree = "<group>"; };
		4DFAABF92B717AF9008A00E2 /* FoodItemDetailView.swift */ = {isa = PBXFileReference; lastKnownFileType = sourcecode.swift; path = FoodItemDetailView.swift; sourceTree = "<group>"; };
		4DFAABFB2B717DE5008A00E2 /* LoadingView.swift */ = {isa = PBXFileReference; lastKnownFileType = sourcecode.swift; path = LoadingView.swift; sourceTree = "<group>"; };
		4DFAABFD2B71800B008A00E2 /* ProgressBar.swift */ = {isa = PBXFileReference; lastKnownFileType = sourcecode.swift; path = ProgressBar.swift; sourceTree = "<group>"; };
		4DFAABFF2B719076008A00E2 /* AddFoodItemView.swift */ = {isa = PBXFileReference; lastKnownFileType = sourcecode.swift; path = AddFoodItemView.swift; sourceTree = "<group>"; };
		4DFAAC372B72C4D4008A00E2 /* CircularProgressCalorieView.swift */ = {isa = PBXFileReference; lastKnownFileType = sourcecode.swift; path = CircularProgressCalorieView.swift; sourceTree = "<group>"; };
		4DFAAC3A2B72D0AD008A00E2 /* CircularProgressProteinView.swift */ = {isa = PBXFileReference; lastKnownFileType = sourcecode.swift; path = CircularProgressProteinView.swift; sourceTree = "<group>"; };
/* End PBXFileReference section */

/* Begin PBXFrameworksBuildPhase section */
		4DFAABE12B71792D008A00E2 /* Frameworks */ = {
			isa = PBXFrameworksBuildPhase;
			buildActionMask = 2147483647;
			files = (
			);
			runOnlyForDeploymentPostprocessing = 0;
		};
/* End PBXFrameworksBuildPhase section */

/* Begin PBXGroup section */
		4DFAABDB2B71792D008A00E2 = {
			isa = PBXGroup;
			children = (
				4DFAABE62B71792D008A00E2 /* CalorieTracker */,
				4DFAABE52B71792D008A00E2 /* Products */,
			);
			sourceTree = "<group>";
		};
		4DFAABE52B71792D008A00E2 /* Products */ = {
			isa = PBXGroup;
			children = (
				4DFAABE42B71792D008A00E2 /* CalorieTracker.app */,
			);
			name = Products;
			sourceTree = "<group>";
		};
		4DFAABE62B71792D008A00E2 /* CalorieTracker */ = {
			isa = PBXGroup;
			children = (
				4DFAABE72B71792D008A00E2 /* CalorieTrackerApp.swift */,
				4DFAABFB2B717DE5008A00E2 /* LoadingView.swift */,
				4DFAABF52B7179A7008A00E2 /* DailyIntakeView.swift */,
				4DFAAC392B72C70C008A00E2 /* CircleBar */,
				4DFAABF92B717AF9008A00E2 /* FoodItemDetailView.swift */,
				4DFAABFD2B71800B008A00E2 /* ProgressBar.swift */,
				4DFAABFF2B719076008A00E2 /* AddFoodItemView.swift */,
				4DFAABF72B7179C5008A00E2 /* FoodItem.swift */,
				4DFAABEB2B71792E008A00E2 /* Assets.xcassets */,
				4DFAABED2B71792E008A00E2 /* Preview Content */,
			);
			path = CalorieTracker;
			sourceTree = "<group>";
		};
		4DFAABED2B71792E008A00E2 /* Preview Content */ = {
			isa = PBXGroup;
			children = (
				4DFAABEE2B71792E008A00E2 /* Preview Assets.xcassets */,
			);
			path = "Preview Content";
			sourceTree = "<group>";
		};
		4DFAAC392B72C70C008A00E2 /* CircleBar */ = {
			isa = PBXGroup;
			children = (
				4DFAAC372B72C4D4008A00E2 /* CircularProgressCalorieView.swift */,
				4DFAAC3A2B72D0AD008A00E2 /* CircularProgressProteinView.swift */,
			);
			path = CircleBar;
			sourceTree = "<group>";
		};
/* End PBXGroup section */

/* Begin PBXNativeTarget section */
		4DFAABE32B71792D008A00E2 /* CalorieTracker */ = {
			isa = PBXNativeTarget;
			buildConfigurationList = 4DFAABF22B71792E008A00E2 /* Build configuration list for PBXNativeTarget "CalorieTracker" */;
			buildPhases = (
				4DFAABE02B71792D008A00E2 /* Sources */,
				4DFAABE12B71792D008A00E2 /* Frameworks */,
				4DFAABE22B71792D008A00E2 /* Resources */,
			);
			buildRules = (
			);
			dependencies = (
			);
			name = CalorieTracker;
			productName = CalorieTracker;
			productReference = 4DFAABE42B71792D008A00E2 /* CalorieTracker.app */;
			productType = "com.apple.product-type.application";
		};
/* End PBXNativeTarget section */

/* Begin PBXProject section */
		4DFAABDC2B71792D008A00E2 /* Project object */ = {
			isa = PBXProject;
			attributes = {
				BuildIndependentTargetsInParallel = 1;
				LastSwiftUpdateCheck = 1520;
				LastUpgradeCheck = 1520;
				TargetAttributes = {
					4DFAABE32B71792D008A00E2 = {
						CreatedOnToolsVersion = 15.2;
					};
				};
			};
			buildConfigurationList = 4DFAABDF2B71792D008A00E2 /* Build configuration list for PBXProject "CalorieTracker" */;
			compatibilityVersion = "Xcode 14.0";
			developmentRegion = en;
			hasScannedForEncodings = 0;
			knownRegions = (
				en,
				Base,
			);
			mainGroup = 4DFAABDB2B71792D008A00E2;
			productRefGroup = 4DFAABE52B71792D008A00E2 /* Products */;
			projectDirPath = "";
			projectRoot = "";
			targets = (
				4DFAABE32B71792D008A00E2 /* CalorieTracker */,
			);
		};
/* End PBXProject section */

/* Begin PBXResourcesBuildPhase section */
		4DFAABE22B71792D008A00E2 /* Resources */ = {
			isa = PBXResourcesBuildPhase;
			buildActionMask = 2147483647;
			files = (
				4DFAABEF2B71792E008A00E2 /* Preview Assets.xcassets in Resources */,
				4DFAABEC2B71792E008A00E2 /* Assets.xcassets in Resources */,
			);
			runOnlyForDeploymentPostprocessing = 0;
		};
/* End PBXResourcesBuildPhase section */

/* Begin PBXSourcesBuildPhase section */
		4DFAABE02B71792D008A00E2 /* Sources */ = {
			isa = PBXSourcesBuildPhase;
			buildActionMask = 2147483647;
			files = (
				4DFAABFA2B717AF9008A00E2 /* FoodItemDetailView.swift in Sources */,
				4DFAABF82B7179C5008A00E2 /* FoodItem.swift in Sources */,
				4DFAAC382B72C4D4008A00E2 /* CircularProgressCalorieView.swift in Sources */,
				4DFAAC002B719076008A00E2 /* AddFoodItemView.swift in Sources */,
				4DFAABF62B7179A7008A00E2 /* DailyIntakeView.swift in Sources */,
				4DFAABFC2B717DE5008A00E2 /* LoadingView.swift in Sources */,
				4DFAABFE2B71800B008A00E2 /* ProgressBar.swift in Sources */,
				4DFAAC3B2B72D0AD008A00E2 /* CircularProgressProteinView.swift in Sources */,
				4DFAABE82B71792D008A00E2 /* CalorieTrackerApp.swift in Sources */,
			);
			runOnlyForDeploymentPostprocessing = 0;
		};
/* End PBXSourcesBuildPhase section */

/* Begin XCBuildConfiguration section */
		4DFAABF02B71792E008A00E2 /* Debug */ = {
			isa = XCBuildConfiguration;
			buildSettings = {
				ALWAYS_SEARCH_USER_PATHS = NO;
				ASSETCATALOG_COMPILER_GENERATE_SWIFT_ASSET_SYMBOL_EXTENSIONS = YES;
				CLANG_ANALYZER_NONNULL = YES;
				CLANG_ANALYZER_NUMBER_OBJECT_CONVERSION = YES_AGGRESSIVE;
				CLANG_CXX_LANGUAGE_STANDARD = "gnu++20";
				CLANG_ENABLE_MODULES = YES;
				CLANG_ENABLE_OBJC_ARC = YES;
				CLANG_ENABLE_OBJC_WEAK = YES;
				CLANG_WARN_BLOCK_CAPTURE_AUTORELEASING = YES;
				CLANG_WARN_BOOL_CONVERSION = YES;
				CLANG_WARN_COMMA = YES;
				CLANG_WARN_CONSTANT_CONVERSION = YES;
				CLANG_WARN_DEPRECATED_OBJC_IMPLEMENTATIONS = YES;
				CLANG_WARN_DIRECT_OBJC_ISA_USAGE = YES_ERROR;
				CLANG_WARN_DOCUMENTATION_COMMENTS = YES;
				CLANG_WARN_EMPTY_BODY = YES;
				CLANG_WARN_ENUM_CONVERSION = YES;
				CLANG_WARN_INFINITE_RECURSION = YES;
				CLANG_WARN_INT_CONVERSION = YES;
				CLANG_WARN_NON_LITERAL_NULL_CONVERSION = YES;
				CLANG_WARN_OBJC_IMPLICIT_RETAIN_SELF = YES;
				CLANG_WARN_OBJC_LITERAL_CONVERSION = YES;
				CLANG_WARN_OBJC_ROOT_CLASS = YES_ERROR;
				CLANG_WARN_QUOTED_INCLUDE_IN_FRAMEWORK_HEADER = YES;
				CLANG_WARN_RANGE_LOOP_ANALYSIS = YES;
				CLANG_WARN_STRICT_PROTOTYPES = YES;
				CLANG_WARN_SUSPICIOUS_MOVE = YES;
				CLANG_WARN_UNGUARDED_AVAILABILITY = YES_AGGRESSIVE;
				CLANG_WARN_UNREACHABLE_CODE = YES;
				CLANG_WARN__DUPLICATE_METHOD_MATCH = YES;
				COPY_PHASE_STRIP = NO;
				DEBUG_INFORMATION_FORMAT = dwarf;
				ENABLE_STRICT_OBJC_MSGSEND = YES;
				ENABLE_TESTABILITY = YES;
				ENABLE_USER_SCRIPT_SANDBOXING = YES;
				GCC_C_LANGUAGE_STANDARD = gnu17;
				GCC_DYNAMIC_NO_PIC = NO;
				GCC_NO_COMMON_BLOCKS = YES;
				GCC_OPTIMIZATION_LEVEL = 0;
				GCC_PREPROCESSOR_DEFINITIONS = (
					"DEBUG=1",
					"$(inherited)",
				);
				GCC_WARN_64_TO_32_BIT_CONVERSION = YES;
				GCC_WARN_ABOUT_RETURN_TYPE = YES_ERROR;
				GCC_WARN_UNDECLARED_SELECTOR = YES;
				GCC_WARN_UNINITIALIZED_AUTOS = YES_AGGRESSIVE;
				GCC_WARN_UNUSED_FUNCTION = YES;
				GCC_WARN_UNUSED_VARIABLE = YES;
				IPHONEOS_DEPLOYMENT_TARGET = 17.2;
				LOCALIZATION_PREFERS_STRING_CATALOGS = YES;
				MTL_ENABLE_DEBUG_INFO = INCLUDE_SOURCE;
				MTL_FAST_MATH = YES;
				ONLY_ACTIVE_ARCH = YES;
				SDKROOT = iphoneos;
				SWIFT_ACTIVE_COMPILATION_CONDITIONS = "DEBUG $(inherited)";
				SWIFT_OPTIMIZATION_LEVEL = "-Onone";
			};
			name = Debug;
		};
		4DFAABF12B71792E008A00E2 /* Release */ = {
			isa = XCBuildConfiguration;
			buildSettings = {
				ALWAYS_SEARCH_USER_PATHS = NO;
				ASSETCATALOG_COMPILER_GENERATE_SWIFT_ASSET_SYMBOL_EXTENSIONS = YES;
				CLANG_ANALYZER_NONNULL = YES;
				CLANG_ANALYZER_NUMBER_OBJECT_CONVERSION = YES_AGGRESSIVE;
				CLANG_CXX_LANGUAGE_STANDARD = "gnu++20";
				CLANG_ENABLE_MODULES = YES;
				CLANG_ENABLE_OBJC_ARC = YES;
				CLANG_ENABLE_OBJC_WEAK = YES;
				CLANG_WARN_BLOCK_CAPTURE_AUTORELEASING = YES;
				CLANG_WARN_BOOL_CONVERSION = YES;
				CLANG_WARN_COMMA = YES;
				CLANG_WARN_CONSTANT_CONVERSION = YES;
				CLANG_WARN_DEPRECATED_OBJC_IMPLEMENTATIONS = YES;
				CLANG_WARN_DIRECT_OBJC_ISA_USAGE = YES_ERROR;
				CLANG_WARN_DOCUMENTATION_COMMENTS = YES;
				CLANG_WARN_EMPTY_BODY = YES;
				CLANG_WARN_ENUM_CONVERSION = YES;
				CLANG_WARN_INFINITE_RECURSION = YES;
				CLANG_WARN_INT_CONVERSION = YES;
				CLANG_WARN_NON_LITERAL_NULL_CONVERSION = YES;
				CLANG_WARN_OBJC_IMPLICIT_RETAIN_SELF = YES;
				CLANG_WARN_OBJC_LITERAL_CONVERSION = YES;
				CLANG_WARN_OBJC_ROOT_CLASS = YES_ERROR;
				CLANG_WARN_QUOTED_INCLUDE_IN_FRAMEWORK_HEADER = YES;
				CLANG_WARN_RANGE_LOOP_ANALYSIS = YES;
				CLANG_WARN_STRICT_PROTOTYPES = YES;
				CLANG_WARN_SUSPICIOUS_MOVE = YES;
				CLANG_WARN_UNGUARDED_AVAILABILITY = YES_AGGRESSIVE;
				CLANG_WARN_UNREACHABLE_CODE = YES;
				CLANG_WARN__DUPLICATE_METHOD_MATCH = YES;
				COPY_PHASE_STRIP = NO;
				DEBUG_INFORMATION_FORMAT = "dwarf-with-dsym";
				ENABLE_NS_ASSERTIONS = NO;
				ENABLE_STRICT_OBJC_MSGSEND = YES;
				ENABLE_USER_SCRIPT_SANDBOXING = YES;
				GCC_C_LANGUAGE_STANDARD = gnu17;
				GCC_NO_COMMON_BLOCKS = YES;
				GCC_WARN_64_TO_32_BIT_CONVERSION = YES;
				GCC_WARN_ABOUT_RETURN_TYPE = YES_ERROR;
				GCC_WARN_UNDECLARED_SELECTOR = YES;
				GCC_WARN_UNINITIALIZED_AUTOS = YES_AGGRESSIVE;
				GCC_WARN_UNUSED_FUNCTION = YES;
				GCC_WARN_UNUSED_VARIABLE = YES;
				IPHONEOS_DEPLOYMENT_TARGET = 17.2;
				LOCALIZATION_PREFERS_STRING_CATALOGS = YES;
				MTL_ENABLE_DEBUG_INFO = NO;
				MTL_FAST_MATH = YES;
				SDKROOT = iphoneos;
				SWIFT_COMPILATION_MODE = wholemodule;
				VALIDATE_PRODUCT = YES;
			};
			name = Release;
		};
		4DFAABF32B71792E008A00E2 /* Debug */ = {
			isa = XCBuildConfiguration;
			buildSettings = {
				ASSETCATALOG_COMPILER_APPICON_NAME = AppIcon;
				ASSETCATALOG_COMPILER_GLOBAL_ACCENT_COLOR_NAME = AccentColor;
				CODE_SIGN_STYLE = Automatic;
				CURRENT_PROJECT_VERSION = 1;
				DEVELOPMENT_ASSET_PATHS = "\"CalorieTracker/Preview Content\"";
				ENABLE_PREVIEWS = YES;
				GENERATE_INFOPLIST_FILE = YES;
				INFOPLIST_KEY_UIApplicationSceneManifest_Generation = YES;
				INFOPLIST_KEY_UIApplicationSupportsIndirectInputEvents = YES;
				INFOPLIST_KEY_UILaunchScreen_Generation = YES;
				INFOPLIST_KEY_UISupportedInterfaceOrientations_iPad = "UIInterfaceOrientationPortrait UIInterfaceOrientationPortraitUpsideDown UIInterfaceOrientationLandscapeLeft UIInterfaceOrientationLandscapeRight";
				INFOPLIST_KEY_UISupportedInterfaceOrientations_iPhone = "UIInterfaceOrientationPortrait UIInterfaceOrientationLandscapeLeft UIInterfaceOrientationLandscapeRight";
				LD_RUNPATH_SEARCH_PATHS = (
					"$(inherited)",
					"@executable_path/Frameworks",
				);
				MARKETING_VERSION = 1.0;
				PRODUCT_BUNDLE_IDENTIFIER = com.siddanthraja.CalorieTracker;
				PRODUCT_NAME = "$(TARGET_NAME)";
				SWIFT_EMIT_LOC_STRINGS = YES;
				SWIFT_VERSION = 5.0;
				TARGETED_DEVICE_FAMILY = "1,2";
			};
			name = Debug;
		};
		4DFAABF42B71792E008A00E2 /* Release */ = {
			isa = XCBuildConfiguration;
			buildSettings = {
				ASSETCATALOG_COMPILER_APPICON_NAME = AppIcon;
				ASSETCATALOG_COMPILER_GLOBAL_ACCENT_COLOR_NAME = AccentColor;
				CODE_SIGN_STYLE = Automatic;
				CURRENT_PROJECT_VERSION = 1;
				DEVELOPMENT_ASSET_PATHS = "\"CalorieTracker/Preview Content\"";
				ENABLE_PREVIEWS = YES;
				GENERATE_INFOPLIST_FILE = YES;
				INFOPLIST_KEY_UIApplicationSceneManifest_Generation = YES;
				INFOPLIST_KEY_UIApplicationSupportsIndirectInputEvents = YES;
				INFOPLIST_KEY_UILaunchScreen_Generation = YES;
				INFOPLIST_KEY_UISupportedInterfaceOrientations_iPad = "UIInterfaceOrientationPortrait UIInterfaceOrientationPortraitUpsideDown UIInterfaceOrientationLandscapeLeft UIInterfaceOrientationLandscapeRight";
				INFOPLIST_KEY_UISupportedInterfaceOrientations_iPhone = "UIInterfaceOrientationPortrait UIInterfaceOrientationLandscapeLeft UIInterfaceOrientationLandscapeRight";
				LD_RUNPATH_SEARCH_PATHS = (
					"$(inherited)",
					"@executable_path/Frameworks",
				);
				MARKETING_VERSION = 1.0;
				PRODUCT_BUNDLE_IDENTIFIER = com.siddanthraja.CalorieTracker;
				PRODUCT_NAME = "$(TARGET_NAME)";
				SWIFT_EMIT_LOC_STRINGS = YES;
				SWIFT_VERSION = 5.0;
				TARGETED_DEVICE_FAMILY = "1,2";
			};
			name = Release;
		};
/* End XCBuildConfiguration section */

/* Begin XCConfigurationList section */
		4DFAABDF2B71792D008A00E2 /* Build configuration list for PBXProject "CalorieTracker" */ = {
			isa = XCConfigurationList;
			buildConfigurations = (
				4DFAABF02B71792E008A00E2 /* Debug */,
				4DFAABF12B71792E008A00E2 /* Release */,
			);
			defaultConfigurationIsVisible = 0;
			defaultConfigurationName = Release;
		};
		4DFAABF22B71792E008A00E2 /* Build configuration list for PBXNativeTarget "CalorieTracker" */ = {
			isa = XCConfigurationList;
			buildConfigurations = (
				4DFAABF32B71792E008A00E2 /* Debug */,
				4DFAABF42B71792E008A00E2 /* Release */,
			);
			defaultConfigurationIsVisible = 0;
			defaultConfigurationName = Release;
		};
/* End XCConfigurationList section */
	};
	rootObject = 4DFAABDC2B71792D008A00E2 /* Project object */;
}
